hash: a41420c30f8bfe29b16d3d612c5d73ac131c48ef37c2f72a1e3d8c49c12ac00b
updated: 2019-03-10T14:20:29.694857-07:00
imports:
- name: github.com/globalsign/mgo
  version: eeefdecb41b842af6dc652aaea4026e8403e62df
  subpackages:
  - bson
  - internal/json
- name: github.com/go-stack/stack
  version: 2fee6af1a9795aafbe0253a0cfbdf668e1fb8a9a
- name: github.com/golang/protobuf
  version: c823c79ea1570fb5ff454033735a8e68575d1d0f
  subpackages:
  - proto
  - ptypes
  - ptypes/any
  - ptypes/duration
  - ptypes/timestamp
- name: github.com/golang/snappy
  version: 2a8bb927dd31d8daada140a5d09578521ce5c36a
- name: github.com/konsorten/go-windows-terminal-sequences
  version: f55edac94c9bbba5d6182a4be46d86a2c9b5b50e
- name: github.com/sirupsen/logrus
  version: d7b6bf5e4d26448fd977d07d745a2a66097ddecb
- name: github.com/xdg/scram
  version: 7eeb5667e42c09cb51bf7b7c28aea8c56767da90
- name: github.com/xdg/stringprep
  version: 73f8eece6fdcd902c185bf651de50f3828bed5ed
- name: go.mongodb.org/mongo-driver
  version: 82905e3077cb5ce7f194748a47b55bf7fff65ccf
  subpackages:
  - bson
  - bson/bsoncodec
  - bson/bsonrw
  - bson/bsontype
  - bson/primitive
  - event
  - internal
  - mongo
  - mongo/options
  - mongo/readconcern
  - mongo/readpref
  - mongo/writeconcern
  - tag
  - version
  - x/bsonx
  - x/bsonx/bsoncore
  - x/mongo/driver
  - x/mongo/driver/auth
  - x/mongo/driver/auth/internal/gssapi
  - x/mongo/driver/session
  - x/mongo/driver/topology
  - x/mongo/driver/uuid
  - x/network/address
  - x/network/command
  - x/network/compressor
  - x/network/connection
  - x/network/connstring
  - x/network/description
  - x/network/result
  - x/network/wiremessage
- name: golang.org/x/crypto
  version: c2843e01d9a2bc60bb26ad24e09734fdc2d9ec58
  subpackages:
  - pbkdf2
  - ssh/terminal
- name: golang.org/x/net
  version: c10a0554eabf8a6a7a6cc3097c9d9f43dcee0a43
  subpackages:
  - context
  - http/httpguts
  - http2
  - http2/hpack
  - idna
  - internal/timeseries
  - trace
- name: golang.org/x/sync
  version: e225da77a7e68af35c70ccbf71af2b83e6acac3c
  subpackages:
  - semaphore
- name: golang.org/x/sys
  version: 10058d7d4faa7dd5ef860cbd31af00903076e7b8
  subpackages:
  - unix
  - windows
- name: golang.org/x/text
  version: 5d731a35f4867878fc89f7744f7b6debb3beded6
  subpackages:
  - secure/bidirule
  - transform
  - unicode/bidi
  - unicode/norm
- name: google.golang.org/genproto
  version: 5fe7a883aa19554f42890211544aa549836af7b7
  subpackages:
  - googleapis/rpc/status
- name: google.golang.org/grpc
  version: 2fdaae294f38ed9a121193c51ec99fecd3b13eb7
  subpackages:
  - balancer
  - balancer/base
  - balancer/roundrobin
  - binarylog/grpc_binarylog_v1
  - codes
  - connectivity
  - credentials
  - credentials/internal
  - encoding
  - encoding/proto
  - grpclog
  - internal
  - internal/backoff
  - internal/binarylog
  - internal/channelz
  - internal/envconfig
  - internal/grpcrand
  - internal/grpcsync
  - internal/syscall
  - internal/transport
  - keepalive
  - metadata
  - naming
  - peer
  - resolver
  - resolver/dns
  - resolver/passthrough
  - stats
  - status
  - tap
testImports: []
